
Microsoft Visual Studio Solution File, Format Version 12.00
# Visual Studio Version 16
VisualStudioVersion = 16.0.31105.61
MinimumVisualStudioVersion = 10.0.40219.1
Project("{FAE04EC0-301F-11D3-BF4B-00C04F79EFBC}") = "InventoryCounter.Android", "InventoryCounter.Android\InventoryCounter.Android.csproj", "{7528C518-FD23-4381-88AE-C55AEB38BCB3}"
EndProject
Project("{FAE04EC0-301F-11D3-BF4B-00C04F79EFBC}") = "InventoryCounter.iOS", "InventoryCounter.iOS\InventoryCounter.iOS.csproj", "{07D13A00-C52C-42C2-A88C-D61C91182570}"
EndProject
Project("{FAE04EC0-301F-11D3-BF4B-00C04F79EFBC}") = "InventoryCounter", "InventoryCounter\InventoryCounter.csproj", "{C7E79E75-CB33-4355-9E7C-D7C050239145}"
EndProject
Global
	GlobalSection(SolutionConfigurationPlatforms) = preSolution
		Debug|Any CPU = Debug|Any CPU
		Debug|iPhone = Debug|iPhone
		Debug|iPhoneSimulator = Debug|iPhoneSimulator
		Release|Any CPU = Release|Any CPU
		Release|iPhone = Release|iPhone
		Release|iPhoneSimulator = Release|iPhoneSimulator
	EndGlobalSection
	GlobalSection(ProjectConfigurationPlatforms) = postSolution
		{7528C518-FD23-4381-88AE-C55AEB38BCB3}.Debug|Any CPU.ActiveCfg = Debug|Any CPU
		{7528C518-FD23-4381-88AE-C55AEB38BCB3}.Debug|Any CPU.Build.0 = Debug|Any CPU
		{7528C518-FD23-4381-88AE-C55AEB38BCB3}.Debug|Any CPU.Deploy.0 = Debug|Any CPU
		{7528C518-FD23-4381-88AE-C55AEB38BCB3}.Debug|iPhone.ActiveCfg = Debug|Any CPU
		{7528C518-FD23-4381-88AE-C55AEB38BCB3}.Debug|iPhone.Build.0 = Debug|Any CPU
		{7528C518-FD23-4381-88AE-C55AEB38BCB3}.Debug|iPhone.Deploy.0 = Debug|Any CPU
		{7528C518-FD23-4381-88AE-C55AEB38BCB3}.Debug|iPhoneSimulator.ActiveCfg = Debug|Any CPU
		{7528C518-FD23-4381-88AE-C55AEB38BCB3}.Debug|iPhoneSimulator.Build.0 = Debug|Any CPU
		{7528C518-FD23-4381-88AE-C55AEB38BCB3}.Debug|iPhoneSimulator.Deploy.0 = Debug|Any CPU
		{7528C518-FD23-4381-88AE-C55AEB38BCB3}.Release|Any CPU.ActiveCfg = Release|Any CPU
		{7528C518-FD23-4381-88AE-C55AEB38BCB3}.Release|Any CPU.Build.0 = Release|Any CPU
		{7528C518-FD23-4381-88AE-C55AEB38BCB3}.Release|Any CPU.Deploy.0 = Release|Any CPU
		{7528C518-FD23-4381-88AE-C55AEB38BCB3}.Release|iPhone.ActiveCfg = Release|Any CPU
		{7528C518-FD23-4381-88AE-C55AEB38BCB3}.Release|iPhone.Build.0 = Release|Any CPU
		{7528C518-FD23-4381-88AE-C55AEB38BCB3}.Release|iPhone.Deploy.0 = Release|Any CPU
		{7528C518-FD23-4381-88AE-C55AEB38BCB3}.Release|iPhoneSimulator.ActiveCfg = Release|Any CPU
		{7528C518-FD23-4381-88AE-C55AEB38BCB3}.Release|iPhoneSimulator.Build.0 = Release|Any CPU
		{7528C518-FD23-4381-88AE-C55AEB38BCB3}.Release|iPhoneSimulator.Deploy.0 = Release|Any CPU
		{07D13A00-C52C-42C2-A88C-D61C91182570}.Debug|Any CPU.ActiveCfg = Debug|iPhone
		{07D13A00-C52C-42C2-A88C-D61C91182570}.Debug|Any CPU.Build.0 = Debug|iPhone
		{07D13A00-C52C-42C2-A88C-D61C91182570}.Debug|Any CPU.Deploy.0 = Debug|iPhone
		{07D13A00-C52C-42C2-A88C-D61C91182570}.Debug|iPhone.ActiveCfg = Debug|iPhone
		{07D13A00-C52C-42C2-A88C-D61C91182570}.Debug|iPhone.Build.0 = Debug|iPhone
		{07D13A00-C52C-42C2-A88C-D61C91182570}.Debug|iPhone.Deploy.0 = Debug|iPhone
		{07D13A00-C52C-42C2-A88C-D61C91182570}.Debug|iPhoneSimulator.ActiveCfg = Debug|iPhoneSimulator
		{07D13A00-C52C-42C2-A88C-D61C91182570}.Debug|iPhoneSimulator.Build.0 = Debug|iPhoneSimulator
		{07D13A00-C52C-42C2-A88C-D61C91182570}.Debug|iPhoneSimulator.Deploy.0 = Debug|iPhoneSimulator
		{07D13A00-C52C-42C2-A88C-D61C91182570}.Release|Any CPU.ActiveCfg = Release|iPhoneSimulator
		{07D13A00-C52C-42C2-A88C-D61C91182570}.Release|Any CPU.Build.0 = Release|iPhoneSimulator
		{07D13A00-C52C-42C2-A88C-D61C91182570}.Release|Any CPU.Deploy.0 = Release|iPhoneSimulator
		{07D13A00-C52C-42C2-A88C-D61C91182570}.Release|iPhone.ActiveCfg = Release|iPhone
		{07D13A00-C52C-42C2-A88C-D61C91182570}.Release|iPhone.Build.0 = Release|iPhone
		{07D13A00-C52C-42C2-A88C-D61C91182570}.Release|iPhone.Deploy.0 = Release|iPhone
		{07D13A00-C52C-42C2-A88C-D61C91182570}.Release|iPhoneSimulator.ActiveCfg = Release|iPhoneSimulator
		{07D13A00-C52C-42C2-A88C-D61C91182570}.Release|iPhoneSimulator.Build.0 = Release|iPhoneSimulator
		{07D13A00-C52C-42C2-A88C-D61C91182570}.Release|iPhoneSimulator.Deploy.0 = Release|iPhoneSimulator
		{C7E79E75-CB33-4355-9E7C-D7C050239145}.Debug|Any CPU.ActiveCfg = Debug|Any CPU
		{C7E79E75-CB33-4355-9E7C-D7C050239145}.Debug|Any CPU.Build.0 = Debug|Any CPU
		{C7E79E75-CB33-4355-9E7C-D7C050239145}.Debug|Any CPU.Deploy.0 = Debug|Any CPU
		{C7E79E75-CB33-4355-9E7C-D7C050239145}.Debug|iPhone.ActiveCfg = Debug|Any CPU
		{C7E79E75-CB33-4355-9E7C-D7C050239145}.Debug|iPhone.Build.0 = Debug|Any CPU
		{C7E79E75-CB33-4355-9E7C-D7C050239145}.Debug|iPhone.Deploy.0 = Debug|Any CPU
		{C7E79E75-CB33-4355-9E7C-D7C050239145}.Debug|iPhoneSimulator.ActiveCfg = Debug|Any CPU
		{C7E79E75-CB33-4355-9E7C-D7C050239145}.Debug|iPhoneSimulator.Build.0 = Debug|Any CPU
		{C7E79E75-CB33-4355-9E7C-D7C050239145}.Debug|iPhoneSimulator.Deploy.0 = Debug|Any CPU
		{C7E79E75-CB33-4355-9E7C-D7C050239145}.Release|Any CPU.ActiveCfg = Release|Any CPU
		{C7E79E75-CB33-4355-9E7C-D7C050239145}.Release|Any CPU.Build.0 = Release|Any CPU
		{C7E79E75-CB33-4355-9E7C-D7C050239145}.Release|Any CPU.Deploy.0 = Release|Any CPU
		{C7E79E75-CB33-4355-9E7C-D7C050239145}.Release|iPhone.ActiveCfg = Release|Any CPU
		{C7E79E75-CB33-4355-9E7C-D7C050239145}.Release|iPhone.Build.0 = Release|Any CPU
		{C7E79E75-CB33-4355-9E7C-D7C050239145}.Release|iPhone.Deploy.0 = Release|Any CPU
		{C7E79E75-CB33-4355-9E7C-D7C050239145}.Release|iPhoneSimulator.ActiveCfg = Release|Any CPU
		{C7E79E75-CB33-4355-9E7C-D7C050239145}.Release|iPhoneSimulator.Build.0 = Release|Any CPU
		{C7E79E75-CB33-4355-9E7C-D7C050239145}.Release|iPhoneSimulator.Deploy.0 = Release|Any CPU
	EndGlobalSection
	GlobalSection(SolutionProperties) = preSolution
		HideSolutionNode = FALSE
	EndGlobalSection
	GlobalSection(ExtensibilityGlobals) = postSolution
		SolutionGuid = {AED6A1E8-8527-4084-A502-ED99761018BF}
	EndGlobalSection
EndGlobal
